
Microsoft Visual Studio Solution File, Format Version 12.00
# Visual Studio Version 16
VisualStudioVersion = 16.0.30717.126
MinimumVisualStudioVersion = 10.0.40219.1
Project("{FAE04EC0-301F-11D3-BF4B-00C04F79EFBC}") = "CADNative TimeLoger47", "Test47\CADNative TimeLoger47.csproj", "{723A4475-16DB-47BF-9DE2-BF4D1C844E85}"
EndProject
Project("{54435603-DBB4-11D2-8724-00A0C9A8B90C}") = "CADNatve TimeLoger", "CADNatve TimeLoger\CADNatve TimeLoger.vdproj", "{17210256-22AA-4489-AB6F-E53E9271A0EE}"
EndProject
Global
	GlobalSection(SolutionConfigurationPlatforms) = preSolution
		Debug|Any CPU = Debug|Any CPU
		Release|Any CPU = Release|Any CPU
	EndGlobalSection
	GlobalSection(ProjectConfigurationPlatforms) = postSolution
		{723A4475-16DB-47BF-9DE2-BF4D1C844E85}.Debug|Any CPU.ActiveCfg = Debug|Any CPU
		{723A4475-16DB-47BF-9DE2-BF4D1C844E85}.Debug|Any CPU.Build.0 = Debug|Any CPU
		{723A4475-16DB-47BF-9DE2-BF4D1C844E85}.Release|Any CPU.ActiveCfg = Release|Any CPU
		{723A4475-16DB-47BF-9DE2-BF4D1C844E85}.Release|Any CPU.Build.0 = Release|Any CPU
		{17210256-22AA-4489-AB6F-E53E9271A0EE}.Debug|Any CPU.ActiveCfg = Debug
		{17210256-22AA-4489-AB6F-E53E9271A0EE}.Release|Any CPU.ActiveCfg = Release
	EndGlobalSection
	GlobalSection(SolutionProperties) = preSolution
		HideSolutionNode = FALSE
	EndGlobalSection
	GlobalSection(ExtensibilityGlobals) = postSolution
		SolutionGuid = {BAF2C0E3-FB02-45BA-9B05-AB7300B0DEB1}
	EndGlobalSection
EndGlobal
